
Microsoft Visual Studio Solution File, Format Version 12.00
# Visual Studio Version 16
VisualStudioVersion = 16.0.28803.202
MinimumVisualStudioVersion = 10.0.40219.1
Project("{FAE04EC0-301F-11D3-BF4B-00C04F79EFBC}") = "DZ_5_1", "DZ_5_1\DZ_5_1.csproj", "{A33FF3A9-7545-4DDD-9998-FA3CDCC7E249}"
EndProject
Global
	GlobalSection(SolutionConfigurationPlatforms) = preSolution
		Debug|Any CPU = Debug|Any CPU
		Release|Any CPU = Release|Any CPU
	EndGlobalSection
	GlobalSection(ProjectConfigurationPlatforms) = postSolution
		{A33FF3A9-7545-4DDD-9998-FA3CDCC7E249}.Debug|Any CPU.ActiveCfg = Debug|Any CPU
		{A33FF3A9-7545-4DDD-9998-FA3CDCC7E249}.Debug|Any CPU.Build.0 = Debug|Any CPU
		{A33FF3A9-7545-4DDD-9998-FA3CDCC7E249}.Release|Any CPU.ActiveCfg = Release|Any CPU
		{A33FF3A9-7545-4DDD-9998-FA3CDCC7E249}.Release|Any CPU.Build.0 = Release|Any CPU
	EndGlobalSection
	GlobalSection(SolutionProperties) = preSolution
		HideSolutionNode = FALSE
	EndGlobalSection
	GlobalSection(ExtensibilityGlobals) = postSolution
		SolutionGuid = {F29E0629-BAA8-4A12-B9E4-5E428ED8A6A7}
	EndGlobalSection
EndGlobal
